# This file is autogenerated, do not edit; changes may be undone by the next 'dep ensure'.


[[projects]]
  name = "github.com/Songmu/axslogparser"
  packages = ["."]
  revision = "c68297a2fde191333522f1236d20de63d4019311"
  version = "v1.1.0"

[[projects]]
  branch = "master"
  name = "github.com/Songmu/go-ltsv"
  packages = ["."]
  revision = "c30af2b7b171f5896188903b69f8afa4ef3e7daa"

[[projects]]
  name = "github.com/pkg/errors"
  packages = ["."]
  revision = "645ef00459ed84a119197bfb8d8205042c6df63d"
  version = "v0.8.0"

[solve-meta]
  analyzer-name = "dep"
  analyzer-version = 1
  inputs-digest = "e8dd406bb076ceb22a32714923b1768211786b1df6e5eef55157313301006dfb"
  solver-name = "gps-cdcl"
  solver-version = 1
