# This file is autogenerated, do not edit; changes may be undone by the next 'dep ensure'.


[[projects]]
  name = "github.com/Songmu/axslogparser"
  packages = ["."]
  revision = "c68297a2fde191333522f1236d20de63d4019311"
  version = "v1.1.0"

[[projects]]
  branch = "master"
  name = "github.com/Songmu/go-ltsv"
  packages = ["."]
  revision = "c30af2b7b171f5896188903b69f8afa4ef3e7daa"

[[projects]]
  branch = "master"
  name = "github.com/hpcloud/tail"
  packages = [
    ".",
    "ratelimiter",
    "util",
    "watch",
    "winfile"
  ]
  revision = "a1dbeea552b7c8df4b542c66073e393de198a800"

[[projects]]
  name = "github.com/pkg/errors"
  packages = ["."]
  revision = "645ef00459ed84a119197bfb8d8205042c6df63d"
  version = "v0.8.0"

[[projects]]
  branch = "master"
  name = "golang.org/x/sys"
  packages = ["unix"]
  revision = "8e24a49d80f82323e1c4db1b5da3e0f31171a151"

[[projects]]
  name = "gopkg.in/fsnotify/fsnotify.v1"
  packages = ["."]
  revision = "c2828203cd70a50dcccfb2761f8b1f8ceef9a8e9"
  version = "v1.4.7"

[[projects]]
  name = "gopkg.in/tomb.v1"
  packages = ["."]
  revision = "c131134a1947e9afd9cecfe11f4c6dff0732ae58"

[solve-meta]
  analyzer-name = "dep"
  analyzer-version = 1
  inputs-digest = "60233eeec53afc6d889bbb64bb1c9a74572d9004d2f0857784873156e22665cd"
  solver-name = "gps-cdcl"
  solver-version = 1
